// !$*UTF8*$!
{
	archiveVersion = 1;
	classes = {
	};
	objectVersion = 46;
	objects = {

/* Begin PBXBuildFile section */
		4B60BA8C221C01F200F1B339 /* AipBase.framework in Frameworks */ = {isa = PBXBuildFile; fileRef = 4B60BA87221BFD0600F1B339 /* AipBase.framework */; };
		4B60BA8D221C01F200F1B339 /* AipOcrSdk.framework in Frameworks */ = {isa = PBXBuildFile; fileRef = 4B60BA88221BFD0600F1B339 /* AipOcrSdk.framework */; };
		4B60BA8E221C01F200F1B339 /* IdcardQuality.framework in Frameworks */ = {isa = PBXBuildFile; fileRef = 4B60BA86221BFD0600F1B339 /* IdcardQuality.framework */; };
		B3E7B58A1CC2AC0600A0062D /* ReactNativeBaiduOcrScanner.m in Sources */ = {isa = PBXBuildFile; fileRef = B3E7B5891CC2AC0600A0062D /* ReactNativeBaiduOcrScanner.m */; };
/* End PBXBuildFile section */

/* Begin PBXContainerItemProxy section */
		4B60BA5D221BF75000F1B339 /* PBXContainerItemProxy */ = {
			isa = PBXContainerItemProxy;
			containerPortal = 4B60BA4A221BF75000F1B339 /* React.xcodeproj */;
			proxyType = 2;
			remoteGlobalIDString = 83CBBA2E1A601D0E00E9B192;
			remoteInfo = React;
		};
		4B60BA5F221BF75000F1B339 /* PBXContainerItemProxy */ = {
			isa = PBXContainerItemProxy;
			containerPortal = 4B60BA4A221BF75000F1B339 /* React.xcodeproj */;
			proxyType = 2;
			remoteGlobalIDString = 2D2A28131D9B038B00D4039D;
			remoteInfo = "React-tvOS";
		};
		4B60BA61221BF75000F1B339 /* PBXContainerItemProxy */ = {
			isa = PBXContainerItemProxy;
			containerPortal = 4B60BA4A221BF75000F1B339 /* React.xcodeproj */;
			proxyType = 2;
			remoteGlobalIDString = 3D3C059A1DE3340900C268FA;
			remoteInfo = yoga;
		};
		4B60BA63221BF75000F1B339 /* PBXContainerItemProxy */ = {
			isa = PBXContainerItemProxy;
			containerPortal = 4B60BA4A221BF75000F1B339 /* React.xcodeproj */;
			proxyType = 2;
			remoteGlobalIDString = 3D3C06751DE3340C00C268FA;
			remoteInfo = "yoga-tvOS";
		};
		4B60BA65221BF75000F1B339 /* PBXContainerItemProxy */ = {
			isa = PBXContainerItemProxy;
			containerPortal = 4B60BA4A221BF75000F1B339 /* React.xcodeproj */;
			proxyType = 2;
			remoteGlobalIDString = 3D3CD9251DE5FBEC00167DC4;
			remoteInfo = cxxreact;
		};
		4B60BA67221BF75000F1B339 /* PBXContainerItemProxy */ = {
			isa = PBXContainerItemProxy;
			containerPortal = 4B60BA4A221BF75000F1B339 /* React.xcodeproj */;
			proxyType = 2;
			remoteGlobalIDString = 3D3CD9321DE5FBEE00167DC4;
			remoteInfo = "cxxreact-tvOS";
		};
		4B60BA69221BF75000F1B339 /* PBXContainerItemProxy */ = {
			isa = PBXContainerItemProxy;
			containerPortal = 4B60BA4A221BF75000F1B339 /* React.xcodeproj */;
			proxyType = 2;
			remoteGlobalIDString = 3D3CD90B1DE5FBD600167DC4;
			remoteInfo = jschelpers;
		};
		4B60BA6B221BF75000F1B339 /* PBXContainerItemProxy */ = {
			isa = PBXContainerItemProxy;
			containerPortal = 4B60BA4A221BF75000F1B339 /* React.xcodeproj */;
			proxyType = 2;
			remoteGlobalIDString = 3D3CD9181DE5FBD800167DC4;
			remoteInfo = "jschelpers-tvOS";
		};
		4B60BA6D221BF75000F1B339 /* PBXContainerItemProxy */ = {
			isa = PBXContainerItemProxy;
			containerPortal = 4B60BA4A221BF75000F1B339 /* React.xcodeproj */;
			proxyType = 2;
			remoteGlobalIDString = EBF21BDC1FC498900052F4D5;
			remoteInfo = jsinspector;
		};
		4B60BA6F221BF75000F1B339 /* PBXContainerItemProxy */ = {
			isa = PBXContainerItemProxy;
			containerPortal = 4B60BA4A221BF75000F1B339 /* React.xcodeproj */;
			proxyType = 2;
			remoteGlobalIDString = EBF21BFA1FC4989A0052F4D5;
			remoteInfo = "jsinspector-tvOS";
		};
		4B60BA71221BF75000F1B339 /* PBXContainerItemProxy */ = {
			isa = PBXContainerItemProxy;
			containerPortal = 4B60BA4A221BF75000F1B339 /* React.xcodeproj */;
			proxyType = 2;
			remoteGlobalIDString = 139D7ECE1E25DB7D00323FB7;
			remoteInfo = "third-party";
		};
		4B60BA73221BF75000F1B339 /* PBXContainerItemProxy */ = {
			isa = PBXContainerItemProxy;
			containerPortal = 4B60BA4A221BF75000F1B339 /* React.xcodeproj */;
			proxyType = 2;
			remoteGlobalIDString = 3D383D3C1EBD27B6005632C8;
			remoteInfo = "third-party-tvOS";
		};
		4B60BA75221BF75000F1B339 /* PBXContainerItemProxy */ = {
			isa = PBXContainerItemProxy;
			containerPortal = 4B60BA4A221BF75000F1B339 /* React.xcodeproj */;
			proxyType = 2;
			remoteGlobalIDString = 139D7E881E25C6D100323FB7;
			remoteInfo = "double-conversion";
		};
		4B60BA77221BF75000F1B339 /* PBXContainerItemProxy */ = {
			isa = PBXContainerItemProxy;
			containerPortal = 4B60BA4A221BF75000F1B339 /* React.xcodeproj */;
			proxyType = 2;
			remoteGlobalIDString = 3D383D621EBD27B9005632C8;
			remoteInfo = "double-conversion-tvOS";
		};
		4B60BA79221BF75000F1B339 /* PBXContainerItemProxy */ = {
			isa = PBXContainerItemProxy;
			containerPortal = 4B60BA4A221BF75000F1B339 /* React.xcodeproj */;
			proxyType = 2;
			remoteGlobalIDString = 9936F3131F5F2E4B0010BF04;
			remoteInfo = privatedata;
		};
		4B60BA7B221BF75000F1B339 /* PBXContainerItemProxy */ = {
			isa = PBXContainerItemProxy;
			containerPortal = 4B60BA4A221BF75000F1B339 /* React.xcodeproj */;
			proxyType = 2;
			remoteGlobalIDString = 9936F32F1F5F2E5B0010BF04;
			remoteInfo = "privatedata-tvOS";
		};
		4B60BA7D221BF88700F1B339 /* PBXContainerItemProxy */ = {
			isa = PBXContainerItemProxy;
			containerPortal = 4B60BA4A221BF75000F1B339 /* React.xcodeproj */;
			proxyType = 1;
			remoteGlobalIDString = 83CBBA2D1A601D0E00E9B192;
			remoteInfo = React;
		};
		4B60BA7F221BF88700F1B339 /* PBXContainerItemProxy */ = {
			isa = PBXContainerItemProxy;
			containerPortal = 4B60BA4A221BF75000F1B339 /* React.xcodeproj */;
			proxyType = 1;
			remoteGlobalIDString = 3D3C04B91DE3340900C268FA;
			remoteInfo = yoga;
		};
		4B60BA81221BF8A000F1B339 /* PBXContainerItemProxy */ = {
			isa = PBXContainerItemProxy;
			containerPortal = 4B60BA4A221BF75000F1B339 /* React.xcodeproj */;
			proxyType = 1;
			remoteGlobalIDString = 139D7ECD1E25DB7D00323FB7;
			remoteInfo = "third-party";
		};
		4B60BA83221BF92300F1B339 /* PBXContainerItemProxy */ = {
			isa = PBXContainerItemProxy;
			containerPortal = 4B60BA4A221BF75000F1B339 /* React.xcodeproj */;
			proxyType = 1;
			remoteGlobalIDString = 9936F2F81F5F2E4B0010BF04;
			remoteInfo = privatedata;
		};
/* End PBXContainerItemProxy section */

/* Begin PBXCopyFilesBuildPhase section */
		58B511D91A9E6C8500147676 /* CopyFiles */ = {
			isa = PBXCopyFilesBuildPhase;
			buildActionMask = 2147483647;
			dstPath = "include/$(PRODUCT_NAME)";
			dstSubfolderSpec = 16;
			files = (
			);
			runOnlyForDeploymentPostprocessing = 0;
		};
/* End PBXCopyFilesBuildPhase section */

/* Begin PBXFileReference section */
		134814201AA4EA6300B7C361 /* libReactNativeBaiduOcrScanner.a */ = {isa = PBXFileReference; explicitFileType = archive.ar; includeInIndex = 0; path = libReactNativeBaiduOcrScanner.a; sourceTree = BUILT_PRODUCTS_DIR; };
		4B60BA4A221BF75000F1B339 /* React.xcodeproj */ = {isa = PBXFileReference; lastKnownFileType = "wrapper.pb-project"; name = React.xcodeproj; path = "../node_modules/react-native/React/React.xcodeproj"; sourceTree = "<group>"; };
		4B60BA86221BFD0600F1B339 /* IdcardQuality.framework */ = {isa = PBXFileReference; lastKnownFileType = wrapper.framework; name = IdcardQuality.framework; path = "../../../../../../Downloads/aip-ocr-ios-sdk-3.0.2/lib/IdcardQuality.framework"; sourceTree = "<group>"; };
		4B60BA87221BFD0600F1B339 /* AipBase.framework */ = {isa = PBXFileReference; lastKnownFileType = wrapper.framework; name = AipBase.framework; path = "../../../../../../Downloads/aip-ocr-ios-sdk-3.0.2/lib/AipBase.framework"; sourceTree = "<group>"; };
		4B60BA88221BFD0600F1B339 /* AipOcrSdk.framework */ = {isa = PBXFileReference; lastKnownFileType = wrapper.framework; name = AipOcrSdk.framework; path = "../../../../../../Downloads/aip-ocr-ios-sdk-3.0.2/lib/AipOcrSdk.framework"; sourceTree = "<group>"; };
		B3E7B5881CC2AC0600A0062D /* ReactNativeBaiduOcrScanner.h */ = {isa = PBXFileReference; fileEncoding = 4; lastKnownFileType = sourcecode.c.h; path = ReactNativeBaiduOcrScanner.h; sourceTree = "<group>"; };
		B3E7B5891CC2AC0600A0062D /* ReactNativeBaiduOcrScanner.m */ = {isa = PBXFileReference; fileEncoding = 4; lastKnownFileType = sourcecode.c.objc; path = ReactNativeBaiduOcrScanner.m; sourceTree = "<group>"; };
/* End PBXFileReference section */

/* Begin PBXFrameworksBuildPhase section */
		58B511D81A9E6C8500147676 /* Frameworks */ = {
			isa = PBXFrameworksBuildPhase;
			buildActionMask = 2147483647;
			files = (
				4B60BA8C221C01F200F1B339 /* AipBase.framework in Frameworks */,
				4B60BA8D221C01F200F1B339 /* AipOcrSdk.framework in Frameworks */,
				4B60BA8E221C01F200F1B339 /* IdcardQuality.framework in Frameworks */,
			);
			runOnlyForDeploymentPostprocessing = 0;
		};
/* End PBXFrameworksBuildPhase section */

/* Begin PBXGroup section */
		134814211AA4EA7D00B7C361 /* Products */ = {
			isa = PBXGroup;
			children = (
				134814201AA4EA6300B7C361 /* libReactNativeBaiduOcrScanner.a */,
			);
			name = Products;
			sourceTree = "<group>";
		};
		4B60BA41221BF5C900F1B339 /* Recovered References */ = {
			isa = PBXGroup;
			children = (
			);
			name = "Recovered References";
			sourceTree = "<group>";
		};
		4B60BA4B221BF75000F1B339 /* Products */ = {
			isa = PBXGroup;
			children = (
				4B60BA5E221BF75000F1B339 /* libReact.a */,
				4B60BA60221BF75000F1B339 /* libReact.a */,
				4B60BA62221BF75000F1B339 /* libyoga.a */,
				4B60BA64221BF75000F1B339 /* libyoga.a */,
				4B60BA66221BF75000F1B339 /* libcxxreact.a */,
				4B60BA68221BF75000F1B339 /* libcxxreact.a */,
				4B60BA6A221BF75000F1B339 /* libjschelpers.a */,
				4B60BA6C221BF75000F1B339 /* libjschelpers.a */,
				4B60BA6E221BF75000F1B339 /* libjsinspector.a */,
				4B60BA70221BF75000F1B339 /* libjsinspector-tvOS.a */,
				4B60BA72221BF75000F1B339 /* libthird-party.a */,
				4B60BA74221BF75000F1B339 /* libthird-party.a */,
				4B60BA76221BF75000F1B339 /* libdouble-conversion.a */,
				4B60BA78221BF75000F1B339 /* libdouble-conversion.a */,
				4B60BA7A221BF75000F1B339 /* libprivatedata.a */,
				4B60BA7C221BF75000F1B339 /* libprivatedata-tvOS.a */,
			);
			name = Products;
			sourceTree = "<group>";
		};
		4B60BA85221BFD0500F1B339 /* Frameworks */ = {
			isa = PBXGroup;
			children = (
				4B60BA87221BFD0600F1B339 /* AipBase.framework */,
				4B60BA88221BFD0600F1B339 /* AipOcrSdk.framework */,
				4B60BA86221BFD0600F1B339 /* IdcardQuality.framework */,
			);
			name = Frameworks;
			sourceTree = "<group>";
		};
		52772C0A39AE4AB6A446A12F /* Libraries */ = {
			isa = PBXGroup;
			children = (
				4B60BA4A221BF75000F1B339 /* React.xcodeproj */,
			);
			name = Libraries;
			sourceTree = "<group>";
		};
		58B511D21A9E6C8500147676 = {
			isa = PBXGroup;
			children = (
				B3E7B5881CC2AC0600A0062D /* ReactNativeBaiduOcrScanner.h */,
				B3E7B5891CC2AC0600A0062D /* ReactNativeBaiduOcrScanner.m */,
				134814211AA4EA7D00B7C361 /* Products */,
				52772C0A39AE4AB6A446A12F /* Libraries */,
				4B60BA41221BF5C900F1B339 /* Recovered References */,
				4B60BA85221BFD0500F1B339 /* Frameworks */,
			);
			sourceTree = "<group>";
		};
/* End PBXGroup section */

/* Begin PBXNativeTarget section */
		58B511DA1A9E6C8500147676 /* ReactNativeBaiduOcrScanner */ = {
			isa = PBXNativeTarget;
			buildConfigurationList = 58B511EF1A9E6C8500147676 /* Build configuration list for PBXNativeTarget "ReactNativeBaiduOcrScanner" */;
			buildPhases = (
				58B511D71A9E6C8500147676 /* Sources */,
				58B511D81A9E6C8500147676 /* Frameworks */,
				58B511D91A9E6C8500147676 /* CopyFiles */,
			);
			buildRules = (
			);
			dependencies = (
				4B60BA84221BF92300F1B339 /* PBXTargetDependency */,
				4B60BA82221BF8A000F1B339 /* PBXTargetDependency */,
				4B60BA7E221BF88700F1B339 /* PBXTargetDependency */,
				4B60BA80221BF88700F1B339 /* PBXTargetDependency */,
			);
			name = ReactNativeBaiduOcrScanner;
			productName = RCTDataManager;
			productReference = 134814201AA4EA6300B7C361 /* libReactNativeBaiduOcrScanner.a */;
			productType = "com.apple.product-type.library.static";
		};
/* End PBXNativeTarget section */

/* Begin PBXProject section */
		58B511D31A9E6C8500147676 /* Project object */ = {
			isa = PBXProject;
			attributes = {
				LastUpgradeCheck = 1010;
				ORGANIZATIONNAME = Facebook;
				TargetAttributes = {
					58B511DA1A9E6C8500147676 = {
						CreatedOnToolsVersion = 6.1.1;
					};
				};
			};
			buildConfigurationList = 58B511D61A9E6C8500147676 /* Build configuration list for PBXProject "ReactNativeBaiduOcrScanner" */;
			compatibilityVersion = "Xcode 3.2";
			developmentRegion = English;
			hasScannedForEncodings = 0;
			knownRegions = (
				en,
			);
			mainGroup = 58B511D21A9E6C8500147676;
			productRefGroup = 58B511D21A9E6C8500147676;
			projectDirPath = "";
			projectReferences = (
				{
					ProductGroup = 4B60BA4B221BF75000F1B339 /* Products */;
					ProjectRef = 4B60BA4A221BF75000F1B339 /* React.xcodeproj */;
				},
			);
			projectRoot = "";
			targets = (
				58B511DA1A9E6C8500147676 /* ReactNativeBaiduOcrScanner */,
			);
		};
/* End PBXProject section */

/* Begin PBXReferenceProxy section */
		4B60BA5E221BF75000F1B339 /* libReact.a */ = {
			isa = PBXReferenceProxy;
			fileType = archive.ar;
			path = libReact.a;
			remoteRef = 4B60BA5D221BF75000F1B339 /* PBXContainerItemProxy */;
			sourceTree = BUILT_PRODUCTS_DIR;
		};
		4B60BA60221BF75000F1B339 /* libReact.a */ = {
			isa = PBXReferenceProxy;
			fileType = archive.ar;
			path = libReact.a;
			remoteRef = 4B60BA5F221BF75000F1B339 /* PBXContainerItemProxy */;
			sourceTree = BUILT_PRODUCTS_DIR;
		};
		4B60BA62221BF75000F1B339 /* libyoga.a */ = {
			isa = PBXReferenceProxy;
			fileType = archive.ar;
			path = libyoga.a;
			remoteRef = 4B60BA61221BF75000F1B339 /* PBXContainerItemProxy */;
			sourceTree = BUILT_PRODUCTS_DIR;
		};
		4B60BA64221BF75000F1B339 /* libyoga.a */ = {
			isa = PBXReferenceProxy;
			fileType = archive.ar;
			path = libyoga.a;
			remoteRef = 4B60BA63221BF75000F1B339 /* PBXContainerItemProxy */;
			sourceTree = BUILT_PRODUCTS_DIR;
		};
		4B60BA66221BF75000F1B339 /* libcxxreact.a */ = {
			isa = PBXReferenceProxy;
			fileType = archive.ar;
			path = libcxxreact.a;
			remoteRef = 4B60BA65221BF75000F1B339 /* PBXContainerItemProxy */;
			sourceTree = BUILT_PRODUCTS_DIR;
		};
		4B60BA68221BF75000F1B339 /* libcxxreact.a */ = {
			isa = PBXReferenceProxy;
			fileType = archive.ar;
			path = libcxxreact.a;
			remoteRef = 4B60BA67221BF75000F1B339 /* PBXContainerItemProxy */;
			sourceTree = BUILT_PRODUCTS_DIR;
		};
		4B60BA6A221BF75000F1B339 /* libjschelpers.a */ = {
			isa = PBXReferenceProxy;
			fileType = archive.ar;
			path = libjschelpers.a;
			remoteRef = 4B60BA69221BF75000F1B339 /* PBXContainerItemProxy */;
			sourceTree = BUILT_PRODUCTS_DIR;
		};
		4B60BA6C221BF75000F1B339 /* libjschelpers.a */ = {
			isa = PBXReferenceProxy;
			fileType = archive.ar;
			path = libjschelpers.a;
			remoteRef = 4B60BA6B221BF75000F1B339 /* PBXContainerItemProxy */;
			sourceTree = BUILT_PRODUCTS_DIR;
		};
		4B60BA6E221BF75000F1B339 /* libjsinspector.a */ = {
			isa = PBXReferenceProxy;
			fileType = archive.ar;
			path = libjsinspector.a;
			remoteRef = 4B60BA6D221BF75000F1B339 /* PBXContainerItemProxy */;
			sourceTree = BUILT_PRODUCTS_DIR;
		};
		4B60BA70221BF75000F1B339 /* libjsinspector-tvOS.a */ = {
			isa = PBXReferenceProxy;
			fileType = archive.ar;
			path = "libjsinspector-tvOS.a";
			remoteRef = 4B60BA6F221BF75000F1B339 /* PBXContainerItemProxy */;
			sourceTree = BUILT_PRODUCTS_DIR;
		};
		4B60BA72221BF75000F1B339 /* libthird-party.a */ = {
			isa = PBXReferenceProxy;
			fileType = archive.ar;
			path = "libthird-party.a";
			remoteRef = 4B60BA71221BF75000F1B339 /* PBXContainerItemProxy */;
			sourceTree = BUILT_PRODUCTS_DIR;
		};
		4B60BA74221BF75000F1B339 /* libthird-party.a */ = {
			isa = PBXReferenceProxy;
			fileType = archive.ar;
			path = "libthird-party.a";
			remoteRef = 4B60BA73221BF75000F1B339 /* PBXContainerItemProxy */;
			sourceTree = BUILT_PRODUCTS_DIR;
		};
		4B60BA76221BF75000F1B339 /* libdouble-conversion.a */ = {
			isa = PBXReferenceProxy;
			fileType = archive.ar;
			path = "libdouble-conversion.a";
			remoteRef = 4B60BA75221BF75000F1B339 /* PBXContainerItemProxy */;
			sourceTree = BUILT_PRODUCTS_DIR;
		};
		4B60BA78221BF75000F1B339 /* libdouble-conversion.a */ = {
			isa = PBXReferenceProxy;
			fileType = archive.ar;
			path = "libdouble-conversion.a";
			remoteRef = 4B60BA77221BF75000F1B339 /* PBXContainerItemProxy */;
			sourceTree = BUILT_PRODUCTS_DIR;
		};
		4B60BA7A221BF75000F1B339 /* libprivatedata.a */ = {
			isa = PBXReferenceProxy;
			fileType = archive.ar;
			path = libprivatedata.a;
			remoteRef = 4B60BA79221BF75000F1B339 /* PBXContainerItemProxy */;
			sourceTree = BUILT_PRODUCTS_DIR;
		};
		4B60BA7C221BF75000F1B339 /* libprivatedata-tvOS.a */ = {
			isa = PBXReferenceProxy;
			fileType = archive.ar;
			path = "libprivatedata-tvOS.a";
			remoteRef = 4B60BA7B221BF75000F1B339 /* PBXContainerItemProxy */;
			sourceTree = BUILT_PRODUCTS_DIR;
		};
/* End PBXReferenceProxy section */

/* Begin PBXSourcesBuildPhase section */
		58B511D71A9E6C8500147676 /* Sources */ = {
			isa = PBXSourcesBuildPhase;
			buildActionMask = 2147483647;
			files = (
				B3E7B58A1CC2AC0600A0062D /* ReactNativeBaiduOcrScanner.m in Sources */,
			);
			runOnlyForDeploymentPostprocessing = 0;
		};
/* End PBXSourcesBuildPhase section */

/* Begin PBXTargetDependency section */
		4B60BA7E221BF88700F1B339 /* PBXTargetDependency */ = {
			isa = PBXTargetDependency;
			name = React;
			targetProxy = 4B60BA7D221BF88700F1B339 /* PBXContainerItemProxy */;
		};
		4B60BA80221BF88700F1B339 /* PBXTargetDependency */ = {
			isa = PBXTargetDependency;
			name = yoga;
			targetProxy = 4B60BA7F221BF88700F1B339 /* PBXContainerItemProxy */;
		};
		4B60BA82221BF8A000F1B339 /* PBXTargetDependency */ = {
			isa = PBXTargetDependency;
			name = "third-party";
			targetProxy = 4B60BA81221BF8A000F1B339 /* PBXContainerItemProxy */;
		};
		4B60BA84221BF92300F1B339 /* PBXTargetDependency */ = {
			isa = PBXTargetDependency;
			name = privatedata;
			targetProxy = 4B60BA83221BF92300F1B339 /* PBXContainerItemProxy */;
		};
/* End PBXTargetDependency section */

/* Begin XCBuildConfiguration section */
		58B511ED1A9E6C8500147676 /* Debug */ = {
			isa = XCBuildConfiguration;
			buildSettings = {
				ALWAYS_SEARCH_USER_PATHS = NO;
				CLANG_CXX_LANGUAGE_STANDARD = "gnu++0x";
				CLANG_CXX_LIBRARY = "libc++";
				CLANG_ENABLE_MODULES = YES;
				CLANG_ENABLE_OBJC_ARC = YES;
				CLANG_WARN_BLOCK_CAPTURE_AUTORELEASING = YES;
				CLANG_WARN_BOOL_CONVERSION = YES;
				CLANG_WARN_COMMA = YES;
				CLANG_WARN_CONSTANT_CONVERSION = YES;
				CLANG_WARN_DEPRECATED_OBJC_IMPLEMENTATIONS = YES;
				CLANG_WARN_DIRECT_OBJC_ISA_USAGE = YES_ERROR;
				CLANG_WARN_EMPTY_BODY = YES;
				CLANG_WARN_ENUM_CONVERSION = YES;
				CLANG_WARN_INFINITE_RECURSION = YES;
				CLANG_WARN_INT_CONVERSION = YES;
				CLANG_WARN_NON_LITERAL_NULL_CONVERSION = YES;
				CLANG_WARN_OBJC_IMPLICIT_RETAIN_SELF = YES;
				CLANG_WARN_OBJC_LITERAL_CONVERSION = YES;
				CLANG_WARN_OBJC_ROOT_CLASS = YES_ERROR;
				CLANG_WARN_RANGE_LOOP_ANALYSIS = YES;
				CLANG_WARN_STRICT_PROTOTYPES = YES;
				CLANG_WARN_SUSPICIOUS_MOVE = YES;
				CLANG_WARN_UNREACHABLE_CODE = YES;
				CLANG_WARN__DUPLICATE_METHOD_MATCH = YES;
				COPY_PHASE_STRIP = NO;
				ENABLE_STRICT_OBJC_MSGSEND = YES;
				ENABLE_TESTABILITY = YES;
				GCC_C_LANGUAGE_STANDARD = gnu99;
				GCC_DYNAMIC_NO_PIC = NO;
				GCC_NO_COMMON_BLOCKS = YES;
				GCC_OPTIMIZATION_LEVEL = 0;
				GCC_PREPROCESSOR_DEFINITIONS = (
					"DEBUG=1",
					"$(inherited)",
				);
				GCC_SYMBOLS_PRIVATE_EXTERN = NO;
				GCC_WARN_64_TO_32_BIT_CONVERSION = YES;
				GCC_WARN_ABOUT_RETURN_TYPE = YES_ERROR;
				GCC_WARN_UNDECLARED_SELECTOR = YES;
				GCC_WARN_UNINITIALIZED_AUTOS = YES_AGGRESSIVE;
				GCC_WARN_UNUSED_FUNCTION = YES;
				GCC_WARN_UNUSED_VARIABLE = YES;
				IPHONEOS_DEPLOYMENT_TARGET = 8.0;
				MTL_ENABLE_DEBUG_INFO = YES;
				ONLY_ACTIVE_ARCH = YES;
				SDKROOT = iphoneos;
			};
			name = Debug;
		};
		58B511EE1A9E6C8500147676 /* Release */ = {
			isa = XCBuildConfiguration;
			buildSettings = {
				ALWAYS_SEARCH_USER_PATHS = NO;
				CLANG_CXX_LANGUAGE_STANDARD = "gnu++0x";
				CLANG_CXX_LIBRARY = "libc++";
				CLANG_ENABLE_MODULES = YES;
				CLANG_ENABLE_OBJC_ARC = YES;
				CLANG_WARN_BLOCK_CAPTURE_AUTORELEASING = YES;
				CLANG_WARN_BOOL_CONVERSION = YES;
				CLANG_WARN_COMMA = YES;
				CLANG_WARN_CONSTANT_CONVERSION = YES;
				CLANG_WARN_DEPRECATED_OBJC_IMPLEMENTATIONS = YES;
				CLANG_WARN_DIRECT_OBJC_ISA_USAGE = YES_ERROR;
				CLANG_WARN_EMPTY_BODY = YES;
				CLANG_WARN_ENUM_CONVERSION = YES;
				CLANG_WARN_INFINITE_RECURSION = YES;
				CLANG_WARN_INT_CONVERSION = YES;
				CLANG_WARN_NON_LITERAL_NULL_CONVERSION = YES;
				CLANG_WARN_OBJC_IMPLICIT_RETAIN_SELF = YES;
				CLANG_WARN_OBJC_LITERAL_CONVERSION = YES;
				CLANG_WARN_OBJC_ROOT_CLASS = YES_ERROR;
				CLANG_WARN_RANGE_LOOP_ANALYSIS = YES;
				CLANG_WARN_STRICT_PROTOTYPES = YES;
				CLANG_WARN_SUSPICIOUS_MOVE = YES;
				CLANG_WARN_UNREACHABLE_CODE = YES;
				CLANG_WARN__DUPLICATE_METHOD_MATCH = YES;
				COPY_PHASE_STRIP = YES;
				ENABLE_NS_ASSERTIONS = NO;
				ENABLE_STRICT_OBJC_MSGSEND = YES;
				GCC_C_LANGUAGE_STANDARD = gnu99;
				GCC_NO_COMMON_BLOCKS = YES;
				GCC_WARN_64_TO_32_BIT_CONVERSION = YES;
				GCC_WARN_ABOUT_RETURN_TYPE = YES_ERROR;
				GCC_WARN_UNDECLARED_SELECTOR = YES;
				GCC_WARN_UNINITIALIZED_AUTOS = YES_AGGRESSIVE;
				GCC_WARN_UNUSED_FUNCTION = YES;
				GCC_WARN_UNUSED_VARIABLE = YES;
				IPHONEOS_DEPLOYMENT_TARGET = 8.0;
				MTL_ENABLE_DEBUG_INFO = NO;
				SDKROOT = iphoneos;
				VALIDATE_PRODUCT = YES;
			};
			name = Release;
		};
		58B511F01A9E6C8500147676 /* Debug */ = {
			isa = XCBuildConfiguration;
			buildSettings = {
				HEADER_SEARCH_PATHS = (
					"$(inherited)",
					/Applications/Xcode.app/Contents/Developer/Toolchains/XcodeDefault.xctoolchain/usr/include,
					"$(SRCROOT)/../../../React/**",
					"$(SRCROOT)/../../react-native/React/**",
					"$(SRCROOT)/../node_modules/react-native/React/**",
				);
				LIBRARY_SEARCH_PATHS = "$(inherited)";
				OTHER_LDFLAGS = "-ObjC";
				PRODUCT_NAME = ReactNativeBaiduOcrScanner;
				SKIP_INSTALL = YES;
			};
			name = Debug;
		};
		58B511F11A9E6C8500147676 /* Release */ = {
			isa = XCBuildConfiguration;
			buildSettings = {
				HEADER_SEARCH_PATHS = (
					"$(inherited)",
					/Applications/Xcode.app/Contents/Developer/Toolchains/XcodeDefault.xctoolchain/usr/include,
					"$(SRCROOT)/../../../React/**",
					"$(SRCROOT)/../../react-native/React/**",
					"$(SRCROOT)/../node_modules/react-native/React/**",
				);
				LIBRARY_SEARCH_PATHS = "$(inherited)";
				OTHER_LDFLAGS = "-ObjC";
				PRODUCT_NAME = ReactNativeBaiduOcrScanner;
				SKIP_INSTALL = YES;
			};
			name = Release;
		};
/* End XCBuildConfiguration section */

/* Begin XCConfigurationList section */
		58B511D61A9E6C8500147676 /* Build configuration list for PBXProject "ReactNativeBaiduOcrScanner" */ = {
			isa = XCConfigurationList;
			buildConfigurations = (
				58B511ED1A9E6C8500147676 /* Debug */,
				58B511EE1A9E6C8500147676 /* Release */,
			);
			defaultConfigurationIsVisible = 0;
			defaultConfigurationName = Release;
		};
		58B511EF1A9E6C8500147676 /* Build configuration list for PBXNativeTarget "ReactNativeBaiduOcrScanner" */ = {
			isa = XCConfigurationList;
			buildConfigurations = (
				58B511F01A9E6C8500147676 /* Debug */,
				58B511F11A9E6C8500147676 /* Release */,
			);
			defaultConfigurationIsVisible = 0;
			defaultConfigurationName = Release;
		};
/* End XCConfigurationList section */
	};
	rootObject = 58B511D31A9E6C8500147676 /* Project object */;
}
